// !$*UTF8*$!
{
	archiveVersion = 1;
	classes = {
	};
	objectVersion = 56;
	objects = {

/* Begin PBXBuildFile section */
		CA37A8A12C7D62C2001D1079 /* ContactListViewController.swift in Sources */ = {isa = PBXBuildFile; fileRef = CA37A8A02C7D62C2001D1079 /* ContactListViewController.swift */; };
		CA37A8A52C7EBD9F001D1079 /* ContactInfoViewController.swift in Sources */ = {isa = PBXBuildFile; fileRef = CA37A8A42C7EBD9F001D1079 /* ContactInfoViewController.swift */; };
		CA37A8AB2C8114A0001D1079 /* FullContactListViewController.swift in Sources */ = {isa = PBXBuildFile; fileRef = CA37A8AA2C8114A0001D1079 /* FullContactListViewController.swift */; };
		CA40DB252C7C5ECC00B14759 /* AppDelegate.swift in Sources */ = {isa = PBXBuildFile; fileRef = CA40DB242C7C5ECC00B14759 /* AppDelegate.swift */; };
		CA40DB272C7C5ECC00B14759 /* SceneDelegate.swift in Sources */ = {isa = PBXBuildFile; fileRef = CA40DB262C7C5ECC00B14759 /* SceneDelegate.swift */; };
		CA40DB2C2C7C5ECC00B14759 /* Base in Resources */ = {isa = PBXBuildFile; fileRef = CA40DB2B2C7C5ECC00B14759 /* Base */; };
		CA40DB2E2C7C5ECD00B14759 /* Assets.xcassets in Resources */ = {isa = PBXBuildFile; fileRef = CA40DB2D2C7C5ECD00B14759 /* Assets.xcassets */; };
		CA40DB312C7C5ECD00B14759 /* Base in Resources */ = {isa = PBXBuildFile; fileRef = CA40DB302C7C5ECD00B14759 /* Base */; };
		CA40DB392C7C5F0400B14759 /* DataStore.swift in Sources */ = {isa = PBXBuildFile; fileRef = CA40DB382C7C5F0400B14759 /* DataStore.swift */; };
		CA40DB3B2C7C5F1D00B14759 /* Person.swift in Sources */ = {isa = PBXBuildFile; fileRef = CA40DB3A2C7C5F1D00B14759 /* Person.swift */; };
/* End PBXBuildFile section */

/* Begin PBXFileReference section */
		CA37A8A02C7D62C2001D1079 /* ContactListViewController.swift */ = {isa = PBXFileReference; lastKnownFileType = sourcecode.swift; path = ContactListViewController.swift; sourceTree = "<group>"; };
		CA37A8A42C7EBD9F001D1079 /* ContactInfoViewController.swift */ = {isa = PBXFileReference; lastKnownFileType = sourcecode.swift; path = ContactInfoViewController.swift; sourceTree = "<group>"; };
		CA37A8AA2C8114A0001D1079 /* FullContactListViewController.swift */ = {isa = PBXFileReference; lastKnownFileType = sourcecode.swift; path = FullContactListViewController.swift; sourceTree = "<group>"; };
		CA40DB212C7C5ECC00B14759 /* ContactList.app */ = {isa = PBXFileReference; explicitFileType = wrapper.application; includeInIndex = 0; path = ContactList.app; sourceTree = BUILT_PRODUCTS_DIR; };
		CA40DB242C7C5ECC00B14759 /* AppDelegate.swift */ = {isa = PBXFileReference; lastKnownFileType = sourcecode.swift; path = AppDelegate.swift; sourceTree = "<group>"; };
		CA40DB262C7C5ECC00B14759 /* SceneDelegate.swift */ = {isa = PBXFileReference; lastKnownFileType = sourcecode.swift; path = SceneDelegate.swift; sourceTree = "<group>"; };
		CA40DB2B2C7C5ECC00B14759 /* Base */ = {isa = PBXFileReference; lastKnownFileType = file.storyboard; name = Base; path = Base.lproj/Main.storyboard; sourceTree = "<group>"; };
		CA40DB2D2C7C5ECD00B14759 /* Assets.xcassets */ = {isa = PBXFileReference; lastKnownFileType = folder.assetcatalog; path = Assets.xcassets; sourceTree = "<group>"; };
		CA40DB302C7C5ECD00B14759 /* Base */ = {isa = PBXFileReference; lastKnownFileType = file.storyboard; name = Base; path = Base.lproj/LaunchScreen.storyboard; sourceTree = "<group>"; };
		CA40DB322C7C5ECD00B14759 /* Info.plist */ = {isa = PBXFileReference; lastKnownFileType = text.plist.xml; path = Info.plist; sourceTree = "<group>"; };
		CA40DB382C7C5F0400B14759 /* DataStore.swift */ = {isa = PBXFileReference; lastKnownFileType = sourcecode.swift; path = DataStore.swift; sourceTree = "<group>"; };
		CA40DB3A2C7C5F1D00B14759 /* Person.swift */ = {isa = PBXFileReference; lastKnownFileType = sourcecode.swift; path = Person.swift; sourceTree = "<group>"; };
/* End PBXFileReference section */

/* Begin PBXFrameworksBuildPhase section */
		CA40DB1E2C7C5ECC00B14759 /* Frameworks */ = {
			isa = PBXFrameworksBuildPhase;
			buildActionMask = 2147483647;
			files = (
			);
			runOnlyForDeploymentPostprocessing = 0;
		};
/* End PBXFrameworksBuildPhase section */

/* Begin PBXGroup section */
		CA40DB182C7C5ECC00B14759 = {
			isa = PBXGroup;
			children = (
				CA40DB232C7C5ECC00B14759 /* ContactList */,
				CA40DB222C7C5ECC00B14759 /* Products */,
			);
			sourceTree = "<group>";
		};
		CA40DB222C7C5ECC00B14759 /* Products */ = {
			isa = PBXGroup;
			children = (
				CA40DB212C7C5ECC00B14759 /* ContactList.app */,
			);
			name = Products;
			sourceTree = "<group>";
		};
		CA40DB232C7C5ECC00B14759 /* ContactList */ = {
			isa = PBXGroup;
			children = (
				CA40DB3F2C7C600300B14759 /* App */,
				CA40DB402C7C601B00B14759 /* ViewControllers */,
				CA40DB3E2C7C5FDA00B14759 /* Loyouts */,
				CA40DB3D2C7C5FA900B14759 /* Models */,
				CA40DB3C2C7C5F9700B14759 /* Services */,
			);
			path = ContactList;
			sourceTree = "<group>";
		};
		CA40DB3C2C7C5F9700B14759 /* Services */ = {
			isa = PBXGroup;
			children = (
				CA40DB382C7C5F0400B14759 /* DataStore.swift */,
			);
			path = Services;
			sourceTree = "<group>";
		};
		CA40DB3D2C7C5FA900B14759 /* Models */ = {
			isa = PBXGroup;
			children = (
				CA40DB3A2C7C5F1D00B14759 /* Person.swift */,
				CA40DB2D2C7C5ECD00B14759 /* Assets.xcassets */,
			);
			path = Models;
			sourceTree = "<group>";
		};
		CA40DB3E2C7C5FDA00B14759 /* Loyouts */ = {
			isa = PBXGroup;
			children = (
				CA40DB2A2C7C5ECC00B14759 /* Main.storyboard */,
				CA40DB2F2C7C5ECD00B14759 /* LaunchScreen.storyboard */,
			);
			path = Loyouts;
			sourceTree = "<group>";
		};
		CA40DB3F2C7C600300B14759 /* App */ = {
			isa = PBXGroup;
			children = (
				CA40DB242C7C5ECC00B14759 /* AppDelegate.swift */,
				CA40DB262C7C5ECC00B14759 /* SceneDelegate.swift */,
				CA40DB322C7C5ECD00B14759 /* Info.plist */,
			);
			path = App;
			sourceTree = "<group>";
		};
		CA40DB402C7C601B00B14759 /* ViewControllers */ = {
			isa = PBXGroup;
			children = (
				CA37A8A02C7D62C2001D1079 /* ContactListViewController.swift */,
				CA37A8A42C7EBD9F001D1079 /* ContactInfoViewController.swift */,
				CA37A8AA2C8114A0001D1079 /* FullContactListViewController.swift */,
			);
			path = ViewControllers;
			sourceTree = "<group>";
		};
/* End PBXGroup section */

/* Begin PBXNativeTarget section */
		CA40DB202C7C5ECC00B14759 /* ContactList */ = {
			isa = PBXNativeTarget;
			buildConfigurationList = CA40DB352C7C5ECD00B14759 /* Build configuration list for PBXNativeTarget "ContactList" */;
			buildPhases = (
				CA40DB1D2C7C5ECC00B14759 /* Sources */,
				CA40DB1E2C7C5ECC00B14759 /* Frameworks */,
				CA40DB1F2C7C5ECC00B14759 /* Resources */,
			);
			buildRules = (
			);
			dependencies = (
			);
			name = ContactList;
			productName = ContactList;
			productReference = CA40DB212C7C5ECC00B14759 /* ContactList.app */;
			productType = "com.apple.product-type.application";
		};
/* End PBXNativeTarget section */

/* Begin PBXProject section */
		CA40DB192C7C5ECC00B14759 /* Project object */ = {
			isa = PBXProject;
			attributes = {
				BuildIndependentTargetsInParallel = 1;
				LastSwiftUpdateCheck = 1530;
				LastUpgradeCheck = 1530;
				TargetAttributes = {
					CA40DB202C7C5ECC00B14759 = {
						CreatedOnToolsVersion = 15.3;
					};
				};
			};
			buildConfigurationList = CA40DB1C2C7C5ECC00B14759 /* Build configuration list for PBXProject "ContactList" */;
			compatibilityVersion = "Xcode 14.0";
			developmentRegion = en;
			hasScannedForEncodings = 0;
			knownRegions = (
				en,
				Base,
			);
			mainGroup = CA40DB182C7C5ECC00B14759;
			productRefGroup = CA40DB222C7C5ECC00B14759 /* Products */;
			projectDirPath = "";
			projectRoot = "";
			targets = (
				CA40DB202C7C5ECC00B14759 /* ContactList */,
			);
		};
/* End PBXProject section */

/* Begin PBXResourcesBuildPhase section */
		CA40DB1F2C7C5ECC00B14759 /* Resources */ = {
			isa = PBXResourcesBuildPhase;
			buildActionMask = 2147483647;
			files = (
				CA40DB2E2C7C5ECD00B14759 /* Assets.xcassets in Resources */,
				CA40DB312C7C5ECD00B14759 /* Base in Resources */,
				CA40DB2C2C7C5ECC00B14759 /* Base in Resources */,
			);
			runOnlyForDeploymentPostprocessing = 0;
		};
/* End PBXResourcesBuildPhase section */

/* Begin PBXSourcesBuildPhase section */
		CA40DB1D2C7C5ECC00B14759 /* Sources */ = {
			isa = PBXSourcesBuildPhase;
			buildActionMask = 2147483647;
			files = (
				CA40DB3B2C7C5F1D00B14759 /* Person.swift in Sources */,
				CA37A8A12C7D62C2001D1079 /* ContactListViewController.swift in Sources */,
				CA37A8A52C7EBD9F001D1079 /* ContactInfoViewController.swift in Sources */,
				CA40DB392C7C5F0400B14759 /* DataStore.swift in Sources */,
				CA40DB252C7C5ECC00B14759 /* AppDelegate.swift in Sources */,
				CA40DB272C7C5ECC00B14759 /* SceneDelegate.swift in Sources */,
				CA37A8AB2C8114A0001D1079 /* FullContactListViewController.swift in Sources */,
			);
			runOnlyForDeploymentPostprocessing = 0;
		};
/* End PBXSourcesBuildPhase section */

/* Begin PBXVariantGroup section */
		CA40DB2A2C7C5ECC00B14759 /* Main.storyboard */ = {
			isa = PBXVariantGroup;
			children = (
				CA40DB2B2C7C5ECC00B14759 /* Base */,
			);
			name = Main.storyboard;
			sourceTree = "<group>";
		};
		CA40DB2F2C7C5ECD00B14759 /* LaunchScreen.storyboard */ = {
			isa = PBXVariantGroup;
			children = (
				CA40DB302C7C5ECD00B14759 /* Base */,
			);
			name = LaunchScreen.storyboard;
			sourceTree = "<group>";
		};
/* End PBXVariantGroup section */

/* Begin XCBuildConfiguration section */
		CA40DB332C7C5ECD00B14759 /* Debug */ = {
			isa = XCBuildConfiguration;
			buildSettings = {
				ALWAYS_SEARCH_USER_PATHS = NO;
				ASSETCATALOG_COMPILER_GENERATE_SWIFT_ASSET_SYMBOL_EXTENSIONS = YES;
				CLANG_ANALYZER_NONNULL = YES;
				CLANG_ANALYZER_NUMBER_OBJECT_CONVERSION = YES_AGGRESSIVE;
				CLANG_CXX_LANGUAGE_STANDARD = "gnu++20";
				CLANG_ENABLE_MODULES = YES;
				CLANG_ENABLE_OBJC_ARC = YES;
				CLANG_ENABLE_OBJC_WEAK = YES;
				CLANG_WARN_BLOCK_CAPTURE_AUTORELEASING = YES;
				CLANG_WARN_BOOL_CONVERSION = YES;
				CLANG_WARN_COMMA = YES;
				CLANG_WARN_CONSTANT_CONVERSION = YES;
				CLANG_WARN_DEPRECATED_OBJC_IMPLEMENTATIONS = YES;
				CLANG_WARN_DIRECT_OBJC_ISA_USAGE = YES_ERROR;
				CLANG_WARN_DOCUMENTATION_COMMENTS = YES;
				CLANG_WARN_EMPTY_BODY = YES;
				CLANG_WARN_ENUM_CONVERSION = YES;
				CLANG_WARN_INFINITE_RECURSION = YES;
				CLANG_WARN_INT_CONVERSION = YES;
				CLANG_WARN_NON_LITERAL_NULL_CONVERSION = YES;
				CLANG_WARN_OBJC_IMPLICIT_RETAIN_SELF = YES;
				CLANG_WARN_OBJC_LITERAL_CONVERSION = YES;
				CLANG_WARN_OBJC_ROOT_CLASS = YES_ERROR;
				CLANG_WARN_QUOTED_INCLUDE_IN_FRAMEWORK_HEADER = YES;
				CLANG_WARN_RANGE_LOOP_ANALYSIS = YES;
				CLANG_WARN_STRICT_PROTOTYPES = YES;
				CLANG_WARN_SUSPICIOUS_MOVE = YES;
				CLANG_WARN_UNGUARDED_AVAILABILITY = YES_AGGRESSIVE;
				CLANG_WARN_UNREACHABLE_CODE = YES;
				CLANG_WARN__DUPLICATE_METHOD_MATCH = YES;
				COPY_PHASE_STRIP = NO;
				DEBUG_INFORMATION_FORMAT = dwarf;
				ENABLE_STRICT_OBJC_MSGSEND = YES;
				ENABLE_TESTABILITY = YES;
				ENABLE_USER_SCRIPT_SANDBOXING = YES;
				GCC_C_LANGUAGE_STANDARD = gnu17;
				GCC_DYNAMIC_NO_PIC = NO;
				GCC_NO_COMMON_BLOCKS = YES;
				GCC_OPTIMIZATION_LEVEL = 0;
				GCC_PREPROCESSOR_DEFINITIONS = (
					"DEBUG=1",
					"$(inherited)",
				);
				GCC_WARN_64_TO_32_BIT_CONVERSION = YES;
				GCC_WARN_ABOUT_RETURN_TYPE = YES_ERROR;
				GCC_WARN_UNDECLARED_SELECTOR = YES;
				GCC_WARN_UNINITIALIZED_AUTOS = YES_AGGRESSIVE;
				GCC_WARN_UNUSED_FUNCTION = YES;
				GCC_WARN_UNUSED_VARIABLE = YES;
				IPHONEOS_DEPLOYMENT_TARGET = 17.4;
				LOCALIZATION_PREFERS_STRING_CATALOGS = YES;
				MTL_ENABLE_DEBUG_INFO = INCLUDE_SOURCE;
				MTL_FAST_MATH = YES;
				ONLY_ACTIVE_ARCH = YES;
				SDKROOT = iphoneos;
				SWIFT_ACTIVE_COMPILATION_CONDITIONS = "DEBUG $(inherited)";
				SWIFT_OPTIMIZATION_LEVEL = "-Onone";
			};
			name = Debug;
		};
		CA40DB342C7C5ECD00B14759 /* Release */ = {
			isa = XCBuildConfiguration;
			buildSettings = {
				ALWAYS_SEARCH_USER_PATHS = NO;
				ASSETCATALOG_COMPILER_GENERATE_SWIFT_ASSET_SYMBOL_EXTENSIONS = YES;
				CLANG_ANALYZER_NONNULL = YES;
				CLANG_ANALYZER_NUMBER_OBJECT_CONVERSION = YES_AGGRESSIVE;
				CLANG_CXX_LANGUAGE_STANDARD = "gnu++20";
				CLANG_ENABLE_MODULES = YES;
				CLANG_ENABLE_OBJC_ARC = YES;
				CLANG_ENABLE_OBJC_WEAK = YES;
				CLANG_WARN_BLOCK_CAPTURE_AUTORELEASING = YES;
				CLANG_WARN_BOOL_CONVERSION = YES;
				CLANG_WARN_COMMA = YES;
				CLANG_WARN_CONSTANT_CONVERSION = YES;
				CLANG_WARN_DEPRECATED_OBJC_IMPLEMENTATIONS = YES;
				CLANG_WARN_DIRECT_OBJC_ISA_USAGE = YES_ERROR;
				CLANG_WARN_DOCUMENTATION_COMMENTS = YES;
				CLANG_WARN_EMPTY_BODY = YES;
				CLANG_WARN_ENUM_CONVERSION = YES;
				CLANG_WARN_INFINITE_RECURSION = YES;
				CLANG_WARN_INT_CONVERSION = YES;
				CLANG_WARN_NON_LITERAL_NULL_CONVERSION = YES;
				CLANG_WARN_OBJC_IMPLICIT_RETAIN_SELF = YES;
				CLANG_WARN_OBJC_LITERAL_CONVERSION = YES;
				CLANG_WARN_OBJC_ROOT_CLASS = YES_ERROR;
				CLANG_WARN_QUOTED_INCLUDE_IN_FRAMEWORK_HEADER = YES;
				CLANG_WARN_RANGE_LOOP_ANALYSIS = YES;
				CLANG_WARN_STRICT_PROTOTYPES = YES;
				CLANG_WARN_SUSPICIOUS_MOVE = YES;
				CLANG_WARN_UNGUARDED_AVAILABILITY = YES_AGGRESSIVE;
				CLANG_WARN_UNREACHABLE_CODE = YES;
				CLANG_WARN__DUPLICATE_METHOD_MATCH = YES;
				COPY_PHASE_STRIP = NO;
				DEBUG_INFORMATION_FORMAT = "dwarf-with-dsym";
				ENABLE_NS_ASSERTIONS = NO;
				ENABLE_STRICT_OBJC_MSGSEND = YES;
				ENABLE_USER_SCRIPT_SANDBOXING = YES;
				GCC_C_LANGUAGE_STANDARD = gnu17;
				GCC_NO_COMMON_BLOCKS = YES;
				GCC_WARN_64_TO_32_BIT_CONVERSION = YES;
				GCC_WARN_ABOUT_RETURN_TYPE = YES_ERROR;
				GCC_WARN_UNDECLARED_SELECTOR = YES;
				GCC_WARN_UNINITIALIZED_AUTOS = YES_AGGRESSIVE;
				GCC_WARN_UNUSED_FUNCTION = YES;
				GCC_WARN_UNUSED_VARIABLE = YES;
				IPHONEOS_DEPLOYMENT_TARGET = 17.4;
				LOCALIZATION_PREFERS_STRING_CATALOGS = YES;
				MTL_ENABLE_DEBUG_INFO = NO;
				MTL_FAST_MATH = YES;
				SDKROOT = iphoneos;
				SWIFT_COMPILATION_MODE = wholemodule;
				VALIDATE_PRODUCT = YES;
			};
			name = Release;
		};
		CA40DB362C7C5ECD00B14759 /* Debug */ = {
			isa = XCBuildConfiguration;
			buildSettings = {
				ASSETCATALOG_COMPILER_APPICON_NAME = AppIcon;
				ASSETCATALOG_COMPILER_GLOBAL_ACCENT_COLOR_NAME = AccentColor;
				CODE_SIGN_STYLE = Automatic;
				CURRENT_PROJECT_VERSION = 1;
				DEVELOPMENT_TEAM = ACQJ3L623S;
				GENERATE_INFOPLIST_FILE = YES;
				INFOPLIST_FILE = ContactList/App/Info.plist;
				INFOPLIST_KEY_UIApplicationSupportsIndirectInputEvents = YES;
				INFOPLIST_KEY_UILaunchStoryboardName = LaunchScreen;
				INFOPLIST_KEY_UIMainStoryboardFile = Main;
				INFOPLIST_KEY_UISupportedInterfaceOrientations_iPad = "UIInterfaceOrientationPortrait UIInterfaceOrientationPortraitUpsideDown UIInterfaceOrientationLandscapeLeft UIInterfaceOrientationLandscapeRight";
				INFOPLIST_KEY_UISupportedInterfaceOrientations_iPhone = "UIInterfaceOrientationPortrait UIInterfaceOrientationLandscapeLeft UIInterfaceOrientationLandscapeRight";
				LD_RUNPATH_SEARCH_PATHS = (
					"$(inherited)",
					"@executable_path/Frameworks",
				);
				MARKETING_VERSION = 1.0;
				PRODUCT_BUNDLE_IDENTIFIER = Schol.ContactList;
				PRODUCT_NAME = "$(TARGET_NAME)";
				SUPPORTED_PLATFORMS = "iphoneos iphonesimulator";
				SUPPORTS_MACCATALYST = NO;
				SUPPORTS_MAC_DESIGNED_FOR_IPHONE_IPAD = NO;
				SUPPORTS_XR_DESIGNED_FOR_IPHONE_IPAD = NO;
				SWIFT_EMIT_LOC_STRINGS = YES;
				SWIFT_VERSION = 5.0;
				TARGETED_DEVICE_FAMILY = 1;
			};
			name = Debug;
		};
		CA40DB372C7C5ECD00B14759 /* Release */ = {
			isa = XCBuildConfiguration;
			buildSettings = {
				ASSETCATALOG_COMPILER_APPICON_NAME = AppIcon;
				ASSETCATALOG_COMPILER_GLOBAL_ACCENT_COLOR_NAME = AccentColor;
				CODE_SIGN_STYLE = Automatic;
				CURRENT_PROJECT_VERSION = 1;
				DEVELOPMENT_TEAM = ACQJ3L623S;
				GENERATE_INFOPLIST_FILE = YES;
				INFOPLIST_FILE = ContactList/App/Info.plist;
				INFOPLIST_KEY_UIApplicationSupportsIndirectInputEvents = YES;
				INFOPLIST_KEY_UILaunchStoryboardName = LaunchScreen;
				INFOPLIST_KEY_UIMainStoryboardFile = Main;
				INFOPLIST_KEY_UISupportedInterfaceOrientations_iPad = "UIInterfaceOrientationPortrait UIInterfaceOrientationPortraitUpsideDown UIInterfaceOrientationLandscapeLeft UIInterfaceOrientationLandscapeRight";
				INFOPLIST_KEY_UISupportedInterfaceOrientations_iPhone = "UIInterfaceOrientationPortrait UIInterfaceOrientationLandscapeLeft UIInterfaceOrientationLandscapeRight";
				LD_RUNPATH_SEARCH_PATHS = (
					"$(inherited)",
					"@executable_path/Frameworks",
				);
				MARKETING_VERSION = 1.0;
				PRODUCT_BUNDLE_IDENTIFIER = Schol.ContactList;
				PRODUCT_NAME = "$(TARGET_NAME)";
				SUPPORTED_PLATFORMS = "iphoneos iphonesimulator";
				SUPPORTS_MACCATALYST = NO;
				SUPPORTS_MAC_DESIGNED_FOR_IPHONE_IPAD = NO;
				SUPPORTS_XR_DESIGNED_FOR_IPHONE_IPAD = NO;
				SWIFT_EMIT_LOC_STRINGS = YES;
				SWIFT_VERSION = 5.0;
				TARGETED_DEVICE_FAMILY = 1;
			};
			name = Release;
		};
/* End XCBuildConfiguration section */

/* Begin XCConfigurationList section */
		CA40DB1C2C7C5ECC00B14759 /* Build configuration list for PBXProject "ContactList" */ = {
			isa = XCConfigurationList;
			buildConfigurations = (
				CA40DB332C7C5ECD00B14759 /* Debug */,
				CA40DB342C7C5ECD00B14759 /* Release */,
			);
			defaultConfigurationIsVisible = 0;
			defaultConfigurationName = Release;
		};
		CA40DB352C7C5ECD00B14759 /* Build configuration list for PBXNativeTarget "ContactList" */ = {
			isa = XCConfigurationList;
			buildConfigurations = (
				CA40DB362C7C5ECD00B14759 /* Debug */,
				CA40DB372C7C5ECD00B14759 /* Release */,
			);
			defaultConfigurationIsVisible = 0;
			defaultConfigurationName = Release;
		};
/* End XCConfigurationList section */
	};
	rootObject = CA40DB192C7C5ECC00B14759 /* Project object */;
}
